lockfileVersion: '6.0'

settings:
  autoInstallPeers: true
  excludeLinksFromLockfile: false

importers:

  .:
    devDependencies:
      prettier:
        specifier: ^3.2.5
        version: 3.8.0
      turbo:
        specifier: latest
        version: 2.7.5

  apps/web:
    dependencies:
      '@supabase/ssr':
        specifier: ^0.8.0
        version: 0.8.0(@supabase/supabase-js@2.91.0)
      '@supabase/supabase-js':
        specifier: ^2.91.0
        version: 2.91.0
      clsx:
        specifier: ^2.1.1
        version: 2.1.1
      framer-motion:
        specifier: ^12.27.5
        version: 12.27.5(react@19.2.3)
      lucide-react:
        specifier: ^0.562.0
        version: 0.562.0(react@19.2.3)
      react:
        specifier: ^19.2.3
        version: 19.2.3
      tailwind-merge:
        specifier: ^3.4.0
        version: 3.4.0
    devDependencies:
      autoprefixer:
        specifier: ^10.4.23
        version: 10.4.23(postcss@8.5.6)
      postcss:
        specifier: ^8.5.6
        version: 8.5.6
      tailwindcss:
        specifier: ^4.1.18
        version: 4.1.18

  packages/models: {}

  packages/orchestrator: {}

  packages/shared: {}

packages:

  /@supabase/auth-js@2.91.0:
    resolution: {integrity: sha512-9ywvsKLsxTwv7fvN5fXzP3UfRreqrX2waylTBDu0lkmeHXa8WtSQS9e0WV9FBduiazYqQbgfBQXBNPRPsRgWOQ==}
    engines: {node: '>=20.0.0'}
    dependencies:
      tslib: 2.8.1
    dev: false

  /@supabase/functions-js@2.91.0:
    resolution: {integrity: sha512-WaakXOqLK1mLtBNFXp5o5T+LlI6KZuADSeXz+9ofPRG5OpVSvW148LVJB1DRZ16Phck1a0YqIUswOUgxCz6vMw==}
    engines: {node: '>=20.0.0'}
    dependencies:
      tslib: 2.8.1
    dev: false

  /@supabase/postgrest-js@2.91.0:
    resolution: {integrity: sha512-5S41zv2euNpGucvtM4Wy+xOmLznqt/XO+Lh823LOFEQ00ov7QJfvqb6VzIxufvzhooZpmGR0BxvMcJtWxCIFdQ==}
    engines: {node: '>=20.0.0'}
    dependencies:
      tslib: 2.8.1
    dev: false

  /@supabase/realtime-js@2.91.0:
    resolution: {integrity: sha512-u2YuJFG35umw8DO9beC27L/jYXm3KhF+73WQwbynMpV0tXsFIA0DOGRM0NgRyy03hJIdO6mxTTwe8efW3yx3Tg==}
    engines: {node: '>=20.0.0'}
    dependencies:
      '@types/phoenix': 1.6.7
      '@types/ws': 8.18.1
      tslib: 2.8.1
      ws: 8.19.0
    transitivePeerDependencies:
      - bufferutil
      - utf-8-validate
    dev: false

  /@supabase/ssr@0.8.0(@supabase/supabase-js@2.91.0):
    resolution: {integrity: sha512-/PKk8kNFSs8QvvJ2vOww1mF5/c5W8y42duYtXvkOSe+yZKRgTTZywYG2l41pjhNomqESZCpZtXuWmYjFRMV+dw==}
    peerDependencies:
      '@supabase/supabase-js': ^2.76.1
    dependencies:
      '@supabase/supabase-js': 2.91.0
      cookie: 1.1.1
    dev: false

  /@supabase/storage-js@2.91.0:
    resolution: {integrity: sha512-CI7fsVIBQHfNObqU9kmyQ1GWr+Ug44y4rSpvxT4LdQB9tlhg1NTBov6z7Dlmt8d6lGi/8a9lf/epCDxyWI792g==}
    engines: {node: '>=20.0.0'}
    dependencies:
      iceberg-js: 0.8.1
      tslib: 2.8.1
    dev: false

  /@supabase/supabase-js@2.91.0:
    resolution: {integrity: sha512-Rjb0QqkKrmXMVwUOdEqysPBZ0ZDZakeptTkUa6k2d8r3strBdbWVDqjOdkCjAmvvZMtXecBeyTyMEXD1Zzjfvg==}
    engines: {node: '>=20.0.0'}
    dependencies:
      '@supabase/auth-js': 2.91.0
      '@supabase/functions-js': 2.91.0
      '@supabase/postgrest-js': 2.91.0
      '@supabase/realtime-js': 2.91.0
      '@supabase/storage-js': 2.91.0
    transitivePeerDependencies:
      - bufferutil
      - utf-8-validate
    dev: false

  /@types/node@25.0.9:
    resolution: {integrity: sha512-/rpCXHlCWeqClNBwUhDcusJxXYDjZTyE8v5oTO7WbL8eij2nKhUeU89/6xgjU7N4/Vh3He0BtyhJdQbDyhiXAw==}
    dependencies:
      undici-types: 7.16.0
    dev: false

  /@types/phoenix@1.6.7:
    resolution: {integrity: sha512-oN9ive//QSBkf19rfDv45M7eZPi0eEXylht2OLEXicu5b4KoQ1OzXIw+xDSGWxSxe1JmepRR/ZH283vsu518/Q==}
    dev: false

  /@types/ws@8.18.1:
    resolution: {integrity: sha512-ThVF6DCVhA8kUGy+aazFQ4kXQ7E1Ty7A3ypFOe0IcJV8O/M511G99AW24irKrW56Wt44yG9+ij8FaqoBGkuBXg==}
    dependencies:
      '@types/node': 25.0.9
    dev: false

  /autoprefixer@10.4.23(postcss@8.5.6):
    resolution: {integrity: sha512-YYTXSFulfwytnjAPlw8QHncHJmlvFKtczb8InXaAx9Q0LbfDnfEYDE55omerIJKihhmU61Ft+cAOSzQVaBUmeA==}
    engines: {node: ^10 || ^12 || >=14}
    hasBin: true
    peerDependencies:
      postcss: ^8.1.0
    dependencies:
      browserslist: 4.28.1
      caniuse-lite: 1.0.30001765
      fraction.js: 5.3.4
      picocolors: 1.1.1
      postcss: 8.5.6
      postcss-value-parser: 4.2.0
    dev: true

  /baseline-browser-mapping@2.9.16:
    resolution: {integrity: sha512-KeUZdBuxngy825i8xvzaK1Ncnkx0tBmb3k8DkEuqjKRkmtvNTjey2ZsNeh8Dw4lfKvbCOu9oeNx2TKm2vHqcRw==}
    hasBin: true
    dev: true

  /browserslist@4.28.1:
    resolution: {integrity: sha512-ZC5Bd0LgJXgwGqUknZY/vkUQ04r8NXnJZ3yYi4vDmSiZmC/pdSN0NbNRPxZpbtO4uAfDUAFffO8IZoM3Gj8IkA==}
    engines: {node: ^6 || ^7 || ^8 || ^9 || ^10 || ^11 || ^12 || >=13.7}
    hasBin: true
    dependencies:
      baseline-browser-mapping: 2.9.16
      caniuse-lite: 1.0.30001765
      electron-to-chromium: 1.5.267
      node-releases: 2.0.27
      update-browserslist-db: 1.2.3(browserslist@4.28.1)
    dev: true

  /caniuse-lite@1.0.30001765:
    resolution: {integrity: sha512-LWcNtSyZrakjECqmpP4qdg0MMGdN368D7X8XvvAqOcqMv0RxnlqVKZl2V6/mBR68oYMxOZPLw/gO7DuisMHUvQ==}
    dev: true

  /clsx@2.1.1:
    resolution: {integrity: sha512-eYm0QWBtUrBWZWG0d386OGAw16Z995PiOVo2B7bjWSbHedGl5e0ZWaq65kOGgUSNesEIDkB9ISbTg/JK9dhCZA==}
    engines: {node: '>=6'}
    dev: false

  /cookie@1.1.1:
    resolution: {integrity: sha512-ei8Aos7ja0weRpFzJnEA9UHJ/7XQmqglbRwnf2ATjcB9Wq874VKH9kfjjirM6UhU2/E5fFYadylyhFldcqSidQ==}
    engines: {node: '>=18'}
    dev: false

  /electron-to-chromium@1.5.267:
    resolution: {integrity: sha512-0Drusm6MVRXSOJpGbaSVgcQsuB4hEkMpHXaVstcPmhu5LIedxs1xNK/nIxmQIU/RPC0+1/o0AVZfBTkTNJOdUw==}
    dev: true

  /escalade@3.2.0:
    resolution: {integrity: sha512-WUj2qlxaQtO4g6Pq5c29GTcWGDyd8itL8zTlipgECz3JesAiiOKotd8JU6otB3PACgG6xkJUyVhboMS+bje/jA==}
    engines: {node: '>=6'}
    dev: true

  /fraction.js@5.3.4:
    resolution: {integrity: sha512-1X1NTtiJphryn/uLQz3whtY6jK3fTqoE3ohKs0tT+Ujr1W59oopxmoEh7Lu5p6vBaPbgoM0bzveAW4Qi5RyWDQ==}
    dev: true

  /framer-motion@12.27.5(react@19.2.3):
    resolution: {integrity: sha512-yUFof7Y2Y2qDJxLKeA91qMazuA6QBOoLOZ0No2J5VIQuhJLWMmGwT/5qyCfpa9mNNS3C7lOR6NhlC3mLZjLw4g==}
    peerDependencies:
      '@emotion/is-prop-valid': '*'
      react: ^18.0.0 || ^19.0.0
      react-dom: ^18.0.0 || ^19.0.0
    peerDependenciesMeta:
      '@emotion/is-prop-valid':
        optional: true
      react:
        optional: true
      react-dom:
        optional: true
    dependencies:
      motion-dom: 12.27.5
      motion-utils: 12.27.2
      react: 19.2.3
      tslib: 2.8.1
    dev: false

  /iceberg-js@0.8.1:
    resolution: {integrity: sha512-1dhVQZXhcHje7798IVM+xoo/1ZdVfzOMIc8/rgVSijRK38EDqOJoGula9N/8ZI5RD8QTxNQtK/Gozpr+qUqRRA==}
    engines: {node: '>=20.0.0'}
    dev: false

  /lucide-react@0.562.0(react@19.2.3):
    resolution: {integrity: sha512-82hOAu7y0dbVuFfmO4bYF1XEwYk/mEbM5E+b1jgci/udUBEE/R7LF5Ip0CCEmXe8AybRM8L+04eP+LGZeDvkiw==}
    peerDependencies:
      react: ^16.5.1 || ^17.0.0 || ^18.0.0 || ^19.0.0
    dependencies:
      react: 19.2.3
    dev: false

  /motion-dom@12.27.5:
    resolution: {integrity: sha512-UwBv2AUOkA7/TCHr67NGjg3aRT7nbsanmmenRoR7T6IJXZp34OZB+pooGnKjMd8CqqCsF/+qwT657EkukjgmiQ==}
    dependencies:
      motion-utils: 12.27.2
    dev: false

  /motion-utils@12.27.2:
    resolution: {integrity: sha512-B55gcoL85Mcdt2IEStY5EEAsrMSVE2sI14xQ/uAdPL+mfQxhKKFaEag9JmfxedJOR4vZpBGoPeC/Gm13I/4g5Q==}
    dev: false

  /nanoid@3.3.11:
    resolution: {integrity: sha512-N8SpfPUnUp1bK+PMYW8qSWdl9U+wwNWI4QKxOYDy9JAro3WMX7p2OeVRF9v+347pnakNevPmiHhNmZ2HbFA76w==}
    engines: {node: ^10 || ^12 || ^13.7 || ^14 || >=15.0.1}
    hasBin: true
    dev: true

  /node-releases@2.0.27:
    resolution: {integrity: sha512-nmh3lCkYZ3grZvqcCH+fjmQ7X+H0OeZgP40OierEaAptX4XofMh5kwNbWh7lBduUzCcV/8kZ+NDLCwm2iorIlA==}
    dev: true

  /picocolors@1.1.1:
    resolution: {integrity: sha512-xceH2snhtb5M9liqDsmEw56le376mTZkEX/jEb/RxNFyegNul7eNslCXP9FDj/Lcu0X8KEyMceP2ntpaHrDEVA==}
    dev: true

  /postcss-value-parser@4.2.0:
    resolution: {integrity: sha512-1NNCs6uurfkVbeXG4S8JFT9t19m45ICnif8zWLd5oPSZ50QnwMfK+H3jv408d4jw/7Bttv5axS5IiHoLaVNHeQ==}
    dev: true

  /postcss@8.5.6:
    resolution: {integrity: sha512-3Ybi1tAuwAP9s0r1UQ2J4n5Y0G05bJkpUIO0/bI9MhwmD70S5aTWbXGBwxHrelT+XM1k6dM0pk+SwNkpTRN7Pg==}
    engines: {node: ^10 || ^12 || >=14}
    dependencies:
      nanoid: 3.3.11
      picocolors: 1.1.1
      source-map-js: 1.2.1
    dev: true

  /prettier@3.8.0:
    resolution: {integrity: sha512-yEPsovQfpxYfgWNhCfECjG5AQaO+K3dp6XERmOepyPDVqcJm+bjyCVO3pmU+nAPe0N5dDvekfGezt/EIiRe1TA==}
    engines: {node: '>=14'}
    hasBin: true
    dev: true

  /react@19.2.3:
    resolution: {integrity: sha512-Ku/hhYbVjOQnXDZFv2+RibmLFGwFdeeKHFcOTlrt7xplBnya5OGn/hIRDsqDiSUcfORsDC7MPxwork8jBwsIWA==}
    engines: {node: '>=0.10.0'}
    dev: false

  /source-map-js@1.2.1:
    resolution: {integrity: sha512-UXWMKhLOwVKb728IUtQPXxfYU+usdybtUrK/8uGE8CQMvrhOpwvzDBwj0QhSL7MQc7vIsISBG8VQ8+IDQxpfQA==}
    engines: {node: '>=0.10.0'}
    dev: true

  /tailwind-merge@3.4.0:
    resolution: {integrity: sha512-uSaO4gnW+b3Y2aWoWfFpX62vn2sR3skfhbjsEnaBI81WD1wBLlHZe5sWf0AqjksNdYTbGBEd0UasQMT3SNV15g==}
    dev: false

  /tailwindcss@4.1.18:
    resolution: {integrity: sha512-4+Z+0yiYyEtUVCScyfHCxOYP06L5Ne+JiHhY2IjR2KWMIWhJOYZKLSGZaP5HkZ8+bY0cxfzwDE5uOmzFXyIwxw==}
    dev: true

  /tslib@2.8.1:
    resolution: {integrity: sha512-oJFu94HQb+KVduSUQL7wnpmqnfmLsOA/nAh6b6EH0wCEoK0/mPeXU6c3wKDV83MkOuHPRHtSXKKU99IBazS/2w==}
    dev: false

  /turbo-darwin-64@2.7.5:
    resolution: {integrity: sha512-nN3wfLLj4OES/7awYyyM7fkU8U8sAFxsXau2bYJwAWi6T09jd87DgHD8N31zXaJ7LcpyppHWPRI2Ov9MuZEwnQ==}
    cpu: [x64]
    os: [darwin]
    requiresBuild: true
    dev: true
    optional: true

  /turbo-darwin-arm64@2.7.5:
    resolution: {integrity: sha512-wCoDHMiTf3FgLAbZHDDx/unNNonSGhsF5AbbYODbxnpYyoKDpEYacUEPjZD895vDhNvYCH0Nnk24YsP4n/cD6g==}
    cpu: [arm64]
    os: [darwin]
    requiresBuild: true
    dev: true
    optional: true

  /turbo-linux-64@2.7.5:
    resolution: {integrity: sha512-KKPvhOmJMmzWj/yjeO4LywkQ85vOJyhru7AZk/+c4B6OUh/odQ++SiIJBSbTG2lm1CuV5gV5vXZnf/2AMlu3Zg==}
    cpu: [x64]
    os: [linux]
    requiresBuild: true
    dev: true
    optional: true

  /turbo-linux-arm64@2.7.5:
    resolution: {integrity: sha512-8PIva4L6BQhiPikUTds9lSFSHXVDAsEvV6QUlgwPsXrtXVQMVi6Sv9p+IxtlWQFvGkdYJUgX9GnK2rC030Xcmw==}
    cpu: [arm64]
    os: [linux]
    requiresBuild: true
    dev: true
    optional: true

  /turbo-windows-64@2.7.5:
    resolution: {integrity: sha512-rupskv/mkIUgQXzX/wUiK00mKMorQcK8yzhGFha/D5lm05FEnLx8dsip6rWzMcVpvh+4GUMA56PgtnOgpel2AA==}
    cpu: [x64]
    os: [win32]
    requiresBuild: true
    dev: true
    optional: true

  /turbo-windows-arm64@2.7.5:
    resolution: {integrity: sha512-G377Gxn6P42RnCzfMyDvsqQV7j69kVHKlhz9J4RhtJOB5+DyY4yYh/w0oTIxZQ4JRMmhjwLu3w9zncMoQ6nNDw==}
    cpu: [arm64]
    os: [win32]
    requiresBuild: true
    dev: true
    optional: true

  /turbo@2.7.5:
    resolution: {integrity: sha512-7Imdmg37joOloTnj+DPrab9hIaQcDdJ5RwSzcauo/wMOSAgO+A/I/8b3hsGGs6PWQz70m/jkPgdqWsfNKtwwDQ==}
    hasBin: true
    optionalDependencies:
      turbo-darwin-64: 2.7.5
      turbo-darwin-arm64: 2.7.5
      turbo-linux-64: 2.7.5
      turbo-linux-arm64: 2.7.5
      turbo-windows-64: 2.7.5
      turbo-windows-arm64: 2.7.5
    dev: true

  /undici-types@7.16.0:
    resolution: {integrity: sha512-Zz+aZWSj8LE6zoxD+xrjh4VfkIG8Ya6LvYkZqtUQGJPZjYl53ypCaUwWqo7eI0x66KBGeRo+mlBEkMSeSZ38Nw==}
    dev: false

  /update-browserslist-db@1.2.3(browserslist@4.28.1):
    resolution: {integrity: sha512-Js0m9cx+qOgDxo0eMiFGEueWztz+d4+M3rGlmKPT+T4IS/jP4ylw3Nwpu6cpTTP8R1MAC1kF4VbdLt3ARf209w==}
    hasBin: true
    peerDependencies:
      browserslist: '>= 4.21.0'
    dependencies:
      browserslist: 4.28.1
      escalade: 3.2.0
      picocolors: 1.1.1
    dev: true

  /ws@8.19.0:
    resolution: {integrity: sha512-blAT2mjOEIi0ZzruJfIhb3nps74PRWTCz1IjglWEEpQl5XS/UNama6u2/rjFkDDouqr4L67ry+1aGIALViWjDg==}
    engines: {node: '>=10.0.0'}
    peerDependencies:
      bufferutil: ^4.0.1
      utf-8-validate: '>=5.0.2'
    peerDependenciesMeta:
      bufferutil:
        optional: true
      utf-8-validate:
        optional: true
    dev: false
